
Microsoft Visual Studio Solution File, Format Version 12.00
# Visual Studio Version 16
VisualStudioVersion = 16.0.29215.179
MinimumVisualStudioVersion = 10.0.40219.1
Project("{FAE04EC0-301F-11D3-BF4B-00C04F79EFBC}") = "AbeconNg", "AbeconNg\AbeconNg.csproj", "{BEDA421D-45A1-44EB-A900-71A221207C1B}"
EndProject
Global
	GlobalSection(SolutionConfigurationPlatforms) = preSolution
		Debug|Any CPU = Debug|Any CPU
		Release|Any CPU = Release|Any CPU
	EndGlobalSection
	GlobalSection(ProjectConfigurationPlatforms) = postSolution
		{BEDA421D-45A1-44EB-A900-71A221207C1B}.Debug|Any CPU.ActiveCfg = Debug|Any CPU
		{BEDA421D-45A1-44EB-A900-71A221207C1B}.Debug|Any CPU.Build.0 = Debug|Any CPU
		{BEDA421D-45A1-44EB-A900-71A221207C1B}.Release|Any CPU.ActiveCfg = Release|Any CPU
		{BEDA421D-45A1-44EB-A900-71A221207C1B}.Release|Any CPU.Build.0 = Release|Any CPU
	EndGlobalSection
	GlobalSection(SolutionProperties) = preSolution
		HideSolutionNode = FALSE
	EndGlobalSection
	GlobalSection(ExtensibilityGlobals) = postSolution
		SolutionGuid = {33DA818F-92C6-42E1-B752-9F7C74AC76F7}
	EndGlobalSection
EndGlobal
